// !$*UTF8*$!
{
	archiveVersion = 1;
	classes = {
	};
	objectVersion = 46;
	objects = {

/* Begin PBXBuildFile section */
		644DECB41E7C3B4600066D95 /* AppDelegate.m in Sources */ = {isa = PBXBuildFile; fileRef = 644DECB31E7C3B4600066D95 /* AppDelegate.m */; };
		644DECBA1E7C3B4600066D95 /* Main.storyboard in Resources */ = {isa = PBXBuildFile; fileRef = 644DECB81E7C3B4600066D95 /* Main.storyboard */; };
		644DECBC1E7C3B4600066D95 /* Assets.xcassets in Resources */ = {isa = PBXBuildFile; fileRef = 644DECBB1E7C3B4600066D95 /* Assets.xcassets */; };
		644DECBF1E7C3B4600066D95 /* LaunchScreen.storyboard in Resources */ = {isa = PBXBuildFile; fileRef = 644DECBD1E7C3B4600066D95 /* LaunchScreen.storyboard */; };
		644DECCA1E7C3B4600066D95 /* PolyGraphTests.m in Sources */ = {isa = PBXBuildFile; fileRef = 644DECC91E7C3B4600066D95 /* PolyGraphTests.m */; };
		644DECD51E7C3B4600066D95 /* PolyGraphUITests.m in Sources */ = {isa = PBXBuildFile; fileRef = 644DECD41E7C3B4600066D95 /* PolyGraphUITests.m */; };
		646187571E7C3C3100884734 /* Algorithm2.m in Sources */ = {isa = PBXBuildFile; fileRef = 646187561E7C3C3100884734 /* Algorithm2.m */; };
		646187791E7C3C3B00884734 /* BoxedIndex.m in Sources */ = {isa = PBXBuildFile; fileRef = 646187591E7C3C3B00884734 /* BoxedIndex.m */; };
		6461877A1E7C3C3B00884734 /* GradientView.m in Sources */ = {isa = PBXBuildFile; fileRef = 6461875C1E7C3C3B00884734 /* GradientView.m */; };
		6461877B1E7C3C3B00884734 /* Graph.m in Sources */ = {isa = PBXBuildFile; fileRef = 6461875E1E7C3C3B00884734 /* Graph.m */; };
		6461877C1E7C3C3B00884734 /* GraphEdge.m in Sources */ = {isa = PBXBuildFile; fileRef = 646187601E7C3C3B00884734 /* GraphEdge.m */; };
		6461877D1E7C3C3B00884734 /* GraphNode.m in Sources */ = {isa = PBXBuildFile; fileRef = 646187621E7C3C3B00884734 /* GraphNode.m */; };
		6461877E1E7C3C3B00884734 /* InfoPlist.strings in Resources */ = {isa = PBXBuildFile; fileRef = 646187631E7C3C3B00884734 /* InfoPlist.strings */; };
		6461877F1E7C3C3B00884734 /* MenuItem.m in Sources */ = {isa = PBXBuildFile; fileRef = 646187651E7C3C3B00884734 /* MenuItem.m */; };
		646187801E7C3C3B00884734 /* MenuView.m in Sources */ = {isa = PBXBuildFile; fileRef = 646187671E7C3C3B00884734 /* MenuView.m */; };
		646187811E7C3C3B00884734 /* Point2.m in Sources */ = {isa = PBXBuildFile; fileRef = 646187691E7C3C3B00884734 /* Point2.m */; };
		646187821E7C3C3B00884734 /* ShinyGradientView.m in Sources */ = {isa = PBXBuildFile; fileRef = 6461876B1E7C3C3B00884734 /* ShinyGradientView.m */; };
		646187831E7C3C3B00884734 /* StringPickerView.m in Sources */ = {isa = PBXBuildFile; fileRef = 6461876D1E7C3C3B00884734 /* StringPickerView.m */; };
		646187841E7C3C3B00884734 /* Tuple2.m in Sources */ = {isa = PBXBuildFile; fileRef = 6461876F1E7C3C3B00884734 /* Tuple2.m */; };
		646187851E7C3C3B00884734 /* UIButton+Glass.m in Sources */ = {isa = PBXBuildFile; fileRef = 646187711E7C3C3B00884734 /* UIButton+Glass.m */; };
		646187861E7C3C3B00884734 /* Utility.m in Sources */ = {isa = PBXBuildFile; fileRef = 646187731E7C3C3B00884734 /* Utility.m */; };
		646187871E7C3C3B00884734 /* Vector2.m in Sources */ = {isa = PBXBuildFile; fileRef = 646187751E7C3C3B00884734 /* Vector2.m */; };
		646187881E7C3C3B00884734 /* VisualizerView.m in Sources */ = {isa = PBXBuildFile; fileRef = 646187781E7C3C3B00884734 /* VisualizerView.m */; };
		64D0678C1E7C419B00BBE6BF /* Assets in Resources */ = {isa = PBXBuildFile; fileRef = 64D0678B1E7C419B00BBE6BF /* Assets */; };
/* End PBXBuildFile section */

/* Begin PBXContainerItemProxy section */
		644DECC61E7C3B4600066D95 /* PBXContainerItemProxy */ = {
			isa = PBXContainerItemProxy;
			containerPortal = 644DECA41E7C3B4600066D95 /* Project object */;
			proxyType = 1;
			remoteGlobalIDString = 644DECAB1E7C3B4600066D95;
			remoteInfo = PolyGraph;
		};
		644DECD11E7C3B4600066D95 /* PBXContainerItemProxy */ = {
			isa = PBXContainerItemProxy;
			containerPortal = 644DECA41E7C3B4600066D95 /* Project object */;
			proxyType = 1;
			remoteGlobalIDString = 644DECAB1E7C3B4600066D95;
			remoteInfo = PolyGraph;
		};
/* End PBXContainerItemProxy section */

/* Begin PBXFileReference section */
		644DECAC1E7C3B4600066D95 /* PolyGraph.app */ = {isa = PBXFileReference; explicitFileType = wrapper.application; includeInIndex = 0; path = PolyGraph.app; sourceTree = BUILT_PRODUCTS_DIR; };
		644DECB21E7C3B4600066D95 /* AppDelegate.h */ = {isa = PBXFileReference; lastKnownFileType = sourcecode.c.h; path = AppDelegate.h; sourceTree = "<group>"; };
		644DECB31E7C3B4600066D95 /* AppDelegate.m */ = {isa = PBXFileReference; lastKnownFileType = sourcecode.c.objc; path = AppDelegate.m; sourceTree = "<group>"; };
		644DECB91E7C3B4600066D95 /* Base */ = {isa = PBXFileReference; lastKnownFileType = file.storyboard; name = Base; path = Base.lproj/Main.storyboard; sourceTree = "<group>"; };
		644DECBB1E7C3B4600066D95 /* Assets.xcassets */ = {isa = PBXFileReference; lastKnownFileType = folder.assetcatalog; path = Assets.xcassets; sourceTree = "<group>"; };
		644DECBE1E7C3B4600066D95 /* Base */ = {isa = PBXFileReference; lastKnownFileType = file.storyboard; name = Base; path = Base.lproj/LaunchScreen.storyboard; sourceTree = "<group>"; };
		644DECC01E7C3B4600066D95 /* Info.plist */ = {isa = PBXFileReference; lastKnownFileType = text.plist.xml; path = Info.plist; sourceTree = "<group>"; };
		644DECC51E7C3B4600066D95 /* PolyGraphTests.xctest */ = {isa = PBXFileReference; explicitFileType = wrapper.cfbundle; includeInIndex = 0; path = PolyGraphTests.xctest; sourceTree = BUILT_PRODUCTS_DIR; };
		644DECC91E7C3B4600066D95 /* PolyGraphTests.m */ = {isa = PBXFileReference; lastKnownFileType = sourcecode.c.objc; path = PolyGraphTests.m; sourceTree = "<group>"; };
		644DECCB1E7C3B4600066D95 /* Info.plist */ = {isa = PBXFileReference; lastKnownFileType = text.plist.xml; path = Info.plist; sourceTree = "<group>"; };
		644DECD01E7C3B4600066D95 /* PolyGraphUITests.xctest */ = {isa = PBXFileReference; explicitFileType = wrapper.cfbundle; includeInIndex = 0; path = PolyGraphUITests.xctest; sourceTree = BUILT_PRODUCTS_DIR; };
		644DECD41E7C3B4600066D95 /* PolyGraphUITests.m */ = {isa = PBXFileReference; lastKnownFileType = sourcecode.c.objc; path = PolyGraphUITests.m; sourceTree = "<group>"; };
		644DECD61E7C3B4600066D95 /* Info.plist */ = {isa = PBXFileReference; lastKnownFileType = text.plist.xml; path = Info.plist; sourceTree = "<group>"; };
		646187551E7C3C3100884734 /* Algorithm2.h */ = {isa = PBXFileReference; fileEncoding = 4; lastKnownFileType = sourcecode.c.h; path = Algorithm2.h; sourceTree = "<group>"; };
		646187561E7C3C3100884734 /* Algorithm2.m */ = {isa = PBXFileReference; fileEncoding = 4; lastKnownFileType = sourcecode.c.objc; path = Algorithm2.m; sourceTree = "<group>"; };
		646187581E7C3C3B00884734 /* BoxedIndex.h */ = {isa = PBXFileReference; fileEncoding = 4; lastKnownFileType = sourcecode.c.h; path = BoxedIndex.h; sourceTree = "<group>"; };
		646187591E7C3C3B00884734 /* BoxedIndex.m */ = {isa = PBXFileReference; fileEncoding = 4; lastKnownFileType = sourcecode.c.objc; path = BoxedIndex.m; sourceTree = "<group>"; };
		6461875A1E7C3C3B00884734 /* Constants2.h */ = {isa = PBXFileReference; fileEncoding = 4; lastKnownFileType = sourcecode.c.h; path = Constants2.h; sourceTree = "<group>"; };
		6461875B1E7C3C3B00884734 /* GradientView.h */ = {isa = PBXFileReference; fileEncoding = 4; lastKnownFileType = sourcecode.c.h; path = GradientView.h; sourceTree = "<group>"; };
		6461875C1E7C3C3B00884734 /* GradientView.m */ = {isa = PBXFileReference; fileEncoding = 4; lastKnownFileType = sourcecode.c.objc; path = GradientView.m; sourceTree = "<group>"; };
		6461875D1E7C3C3B00884734 /* Graph.h */ = {isa = PBXFileReference; fileEncoding = 4; lastKnownFileType = sourcecode.c.h; path = Graph.h; sourceTree = "<group>"; };
		6461875E1E7C3C3B00884734 /* Graph.m */ = {isa = PBXFileReference; fileEncoding = 4; lastKnownFileType = sourcecode.c.objc; path = Graph.m; sourceTree = "<group>"; };
		6461875F1E7C3C3B00884734 /* GraphEdge.h */ = {isa = PBXFileReference; fileEncoding = 4; lastKnownFileType = sourcecode.c.h; path = GraphEdge.h; sourceTree = "<group>"; };
		646187601E7C3C3B00884734 /* GraphEdge.m */ = {isa = PBXFileReference; fileEncoding = 4; lastKnownFileType = sourcecode.c.objc; path = GraphEdge.m; sourceTree = "<group>"; };
		646187611E7C3C3B00884734 /* GraphNode.h */ = {isa = PBXFileReference; fileEncoding = 4; lastKnownFileType = sourcecode.c.h; path = GraphNode.h; sourceTree = "<group>"; };
		646187621E7C3C3B00884734 /* GraphNode.m */ = {isa = PBXFileReference; fileEncoding = 4; lastKnownFileType = sourcecode.c.objc; path = GraphNode.m; sourceTree = "<group>"; };
		646187631E7C3C3B00884734 /* InfoPlist.strings */ = {isa = PBXFileReference; fileEncoding = 4; lastKnownFileType = text.plist.strings; path = InfoPlist.strings; sourceTree = "<group>"; };
		646187641E7C3C3B00884734 /* MenuItem.h */ = {isa = PBXFileReference; fileEncoding = 4; lastKnownFileType = sourcecode.c.h; path = MenuItem.h; sourceTree = "<group>"; };
		646187651E7C3C3B00884734 /* MenuItem.m */ = {isa = PBXFileReference; fileEncoding = 4; lastKnownFileType = sourcecode.c.objc; path = MenuItem.m; sourceTree = "<group>"; };
		646187661E7C3C3B00884734 /* MenuView.h */ = {isa = PBXFileReference; fileEncoding = 4; lastKnownFileType = sourcecode.c.h; path = MenuView.h; sourceTree = "<group>"; };
		646187671E7C3C3B00884734 /* MenuView.m */ = {isa = PBXFileReference; fileEncoding = 4; lastKnownFileType = sourcecode.c.objc; path = MenuView.m; sourceTree = "<group>"; };
		646187681E7C3C3B00884734 /* Point2.h */ = {isa = PBXFileReference; fileEncoding = 4; lastKnownFileType = sourcecode.c.h; path = Point2.h; sourceTree = "<group>"; };
		646187691E7C3C3B00884734 /* Point2.m */ = {isa = PBXFileReference; fileEncoding = 4; lastKnownFileType = sourcecode.c.objc; path = Point2.m; sourceTree = "<group>"; };
		6461876A1E7C3C3B00884734 /* ShinyGradientView.h */ = {isa = PBXFileReference; fileEncoding = 4; lastKnownFileType = sourcecode.c.h; path = ShinyGradientView.h; sourceTree = "<group>"; };
		6461876B1E7C3C3B00884734 /* ShinyGradientView.m */ = {isa = PBXFileReference; fileEncoding = 4; lastKnownFileType = sourcecode.c.objc; path = ShinyGradientView.m; sourceTree = "<group>"; };
		6461876C1E7C3C3B00884734 /* StringPickerView.h */ = {isa = PBXFileReference; fileEncoding = 4; lastKnownFileType = sourcecode.c.h; path = StringPickerView.h; sourceTree = "<group>"; };
		6461876D1E7C3C3B00884734 /* StringPickerView.m */ = {isa = PBXFileReference; fileEncoding = 4; lastKnownFileType = sourcecode.c.objc; path = StringPickerView.m; sourceTree = "<group>"; };
		6461876E1E7C3C3B00884734 /* Tuple2.h */ = {isa = PBXFileReference; fileEncoding = 4; lastKnownFileType = sourcecode.c.h; path = Tuple2.h; sourceTree = "<group>"; };
		6461876F1E7C3C3B00884734 /* Tuple2.m */ = {isa = PBXFileReference; fileEncoding = 4; lastKnownFileType = sourcecode.c.objc; path = Tuple2.m; sourceTree = "<group>"; };
		646187701E7C3C3B00884734 /* UIButton+Glass.h */ = {isa = PBXFileReference; fileEncoding = 4; lastKnownFileType = sourcecode.c.h; path = "UIButton+Glass.h"; sourceTree = "<group>"; };
		646187711E7C3C3B00884734 /* UIButton+Glass.m */ = {isa = PBXFileReference; fileEncoding = 4; lastKnownFileType = sourcecode.c.objc; path = "UIButton+Glass.m"; sourceTree = "<group>"; };
		646187721E7C3C3B00884734 /* Utility.h */ = {isa = PBXFileReference; fileEncoding = 4; lastKnownFileType = sourcecode.c.h; path = Utility.h; sourceTree = "<group>"; };
		646187731E7C3C3B00884734 /* Utility.m */ = {isa = PBXFileReference; fileEncoding = 4; lastKnownFileType = sourcecode.c.objc; path = Utility.m; sourceTree = "<group>"; };
		646187741E7C3C3B00884734 /* Vector2.h */ = {isa = PBXFileReference; fileEncoding = 4; lastKnownFileType = sourcecode.c.h; path = Vector2.h; sourceTree = "<group>"; };
		646187751E7C3C3B00884734 /* Vector2.m */ = {isa = PBXFileReference; fileEncoding = 4; lastKnownFileType = sourcecode.c.objc; path = Vector2.m; sourceTree = "<group>"; };
		646187761E7C3C3B00884734 /* PolyGraph-Prefix.pch */ = {isa = PBXFileReference; fileEncoding = 4; lastKnownFileType = sourcecode.c.h; path = "PolyGraph-Prefix.pch"; sourceTree = "<group>"; };
		646187771E7C3C3B00884734 /* VisualizerView.h */ = {isa = PBXFileReference; fileEncoding = 4; lastKnownFileType = sourcecode.c.h; path = VisualizerView.h; sourceTree = "<group>"; };
		646187781E7C3C3B00884734 /* VisualizerView.m */ = {isa = PBXFileReference; fileEncoding = 4; lastKnownFileType = sourcecode.c.objc; path = VisualizerView.m; sourceTree = "<group>"; };
		64D0678B1E7C419B00BBE6BF /* Assets */ = {isa = PBXFileReference; lastKnownFileType = folder; path = Assets; sourceTree = "<group>"; };
/* End PBXFileReference section */

/* Begin PBXFrameworksBuildPhase section */
		644DECA91E7C3B4600066D95 /* Frameworks */ = {
			isa = PBXFrameworksBuildPhase;
			buildActionMask = 2147483647;
			files = (
			);
			runOnlyForDeploymentPostprocessing = 0;
		};
		644DECC21E7C3B4600066D95 /* Frameworks */ = {
			isa = PBXFrameworksBuildPhase;
			buildActionMask = 2147483647;
			files = (
			);
			runOnlyForDeploymentPostprocessing = 0;
		};
		644DECCD1E7C3B4600066D95 /* Frameworks */ = {
			isa = PBXFrameworksBuildPhase;
			buildActionMask = 2147483647;
			files = (
			);
			runOnlyForDeploymentPostprocessing = 0;
		};
/* End PBXFrameworksBuildPhase section */

/* Begin PBXGroup section */
		644DECA31E7C3B4600066D95 = {
			isa = PBXGroup;
			children = (
				64D0678B1E7C419B00BBE6BF /* Assets */,
				644DECAE1E7C3B4600066D95 /* PolyGraph */,
				644DECC81E7C3B4600066D95 /* PolyGraphTests */,
				644DECD31E7C3B4600066D95 /* PolyGraphUITests */,
				644DECAD1E7C3B4600066D95 /* Products */,
			);
			sourceTree = "<group>";
		};
		644DECAD1E7C3B4600066D95 /* Products */ = {
			isa = PBXGroup;
			children = (
				644DECAC1E7C3B4600066D95 /* PolyGraph.app */,
				644DECC51E7C3B4600066D95 /* PolyGraphTests.xctest */,
				644DECD01E7C3B4600066D95 /* PolyGraphUITests.xctest */,
			);
			name = Products;
			sourceTree = "<group>";
		};
		644DECAE1E7C3B4600066D95 /* PolyGraph */ = {
			isa = PBXGroup;
			children = (
				646187551E7C3C3100884734 /* Algorithm2.h */,
				646187561E7C3C3100884734 /* Algorithm2.m */,
				644DECB21E7C3B4600066D95 /* AppDelegate.h */,
				644DECB31E7C3B4600066D95 /* AppDelegate.m */,
				644DECBB1E7C3B4600066D95 /* Assets.xcassets */,
				646187581E7C3C3B00884734 /* BoxedIndex.h */,
				646187591E7C3C3B00884734 /* BoxedIndex.m */,
				6461875A1E7C3C3B00884734 /* Constants2.h */,
				6461875B1E7C3C3B00884734 /* GradientView.h */,
				6461875C1E7C3C3B00884734 /* GradientView.m */,
				6461875D1E7C3C3B00884734 /* Graph.h */,
				6461875E1E7C3C3B00884734 /* Graph.m */,
				6461875F1E7C3C3B00884734 /* GraphEdge.h */,
				646187601E7C3C3B00884734 /* GraphEdge.m */,
				646187611E7C3C3B00884734 /* GraphNode.h */,
				646187621E7C3C3B00884734 /* GraphNode.m */,
				644DECC01E7C3B4600066D95 /* Info.plist */,
				646187631E7C3C3B00884734 /* InfoPlist.strings */,
				644DECBD1E7C3B4600066D95 /* LaunchScreen.storyboard */,
				644DECB81E7C3B4600066D95 /* Main.storyboard */,
				646187641E7C3C3B00884734 /* MenuItem.h */,
				646187651E7C3C3B00884734 /* MenuItem.m */,
				646187661E7C3C3B00884734 /* MenuView.h */,
				646187671E7C3C3B00884734 /* MenuView.m */,
				646187681E7C3C3B00884734 /* Point2.h */,
				646187691E7C3C3B00884734 /* Point2.m */,
				646187761E7C3C3B00884734 /* PolyGraph-Prefix.pch */,
				6461876A1E7C3C3B00884734 /* ShinyGradientView.h */,
				6461876B1E7C3C3B00884734 /* ShinyGradientView.m */,
				6461876C1E7C3C3B00884734 /* StringPickerView.h */,
				6461876D1E7C3C3B00884734 /* StringPickerView.m */,
				6461876E1E7C3C3B00884734 /* Tuple2.h */,
				6461876F1E7C3C3B00884734 /* Tuple2.m */,
				646187701E7C3C3B00884734 /* UIButton+Glass.h */,
				646187711E7C3C3B00884734 /* UIButton+Glass.m */,
				646187721E7C3C3B00884734 /* Utility.h */,
				646187731E7C3C3B00884734 /* Utility.m */,
				646187741E7C3C3B00884734 /* Vector2.h */,
				646187751E7C3C3B00884734 /* Vector2.m */,
				646187771E7C3C3B00884734 /* VisualizerView.h */,
				646187781E7C3C3B00884734 /* VisualizerView.m */,
			);
			path = PolyGraph;
			sourceTree = "<group>";
		};
		644DECC81E7C3B4600066D95 /* PolyGraphTests */ = {
			isa = PBXGroup;
			children = (
				644DECC91E7C3B4600066D95 /* PolyGraphTests.m */,
				644DECCB1E7C3B4600066D95 /* Info.plist */,
			);
			path = PolyGraphTests;
			sourceTree = "<group>";
		};
		644DECD31E7C3B4600066D95 /* PolyGraphUITests */ = {
			isa = PBXGroup;
			children = (
				644DECD41E7C3B4600066D95 /* PolyGraphUITests.m */,
				644DECD61E7C3B4600066D95 /* Info.plist */,
			);
			path = PolyGraphUITests;
			sourceTree = "<group>";
		};
/* End PBXGroup section */

/* Begin PBXNativeTarget section */
		644DECAB1E7C3B4600066D95 /* PolyGraph */ = {
			isa = PBXNativeTarget;
			buildConfigurationList = 644DECD91E7C3B4600066D95 /* Build configuration list for PBXNativeTarget "PolyGraph" */;
			buildPhases = (
				644DECA81E7C3B4600066D95 /* Sources */,
				644DECA91E7C3B4600066D95 /* Frameworks */,
				644DECAA1E7C3B4600066D95 /* Resources */,
			);
			buildRules = (
			);
			dependencies = (
			);
			name = PolyGraph;
			productName = PolyGraph;
			productReference = 644DECAC1E7C3B4600066D95 /* PolyGraph.app */;
			productType = "com.apple.product-type.application";
		};
		644DECC41E7C3B4600066D95 /* PolyGraphTests */ = {
			isa = PBXNativeTarget;
			buildConfigurationList = 644DECDC1E7C3B4600066D95 /* Build configuration list for PBXNativeTarget "PolyGraphTests" */;
			buildPhases = (
				644DECC11E7C3B4600066D95 /* Sources */,
				644DECC21E7C3B4600066D95 /* Frameworks */,
				644DECC31E7C3B4600066D95 /* Resources */,
			);
			buildRules = (
			);
			dependencies = (
				644DECC71E7C3B4600066D95 /* PBXTargetDependency */,
			);
			name = PolyGraphTests;
			productName = PolyGraphTests;
			productReference = 644DECC51E7C3B4600066D95 /* PolyGraphTests.xctest */;
			productType = "com.apple.product-type.bundle.unit-test";
		};
		644DECCF1E7C3B4600066D95 /* PolyGraphUITests */ = {
			isa = PBXNativeTarget;
			buildConfigurationList = 644DECDF1E7C3B4600066D95 /* Build configuration list for PBXNativeTarget "PolyGraphUITests" */;
			buildPhases = (
				644DECCC1E7C3B4600066D95 /* Sources */,
				644DECCD1E7C3B4600066D95 /* Frameworks */,
				644DECCE1E7C3B4600066D95 /* Resources */,
			);
			buildRules = (
			);
			dependencies = (
				644DECD21E7C3B4600066D95 /* PBXTargetDependency */,
			);
			name = PolyGraphUITests;
			productName = PolyGraphUITests;
			productReference = 644DECD01E7C3B4600066D95 /* PolyGraphUITests.xctest */;
			productType = "com.apple.product-type.bundle.ui-testing";
		};
/* End PBXNativeTarget section */

/* Begin PBXProject section */
		644DECA41E7C3B4600066D95 /* Project object */ = {
			isa = PBXProject;
			attributes = {
				LastUpgradeCheck = 0820;
				ORGANIZATIONNAME = "Bretton Wade";
				TargetAttributes = {
					644DECAB1E7C3B4600066D95 = {
						CreatedOnToolsVersion = 8.2.1;
						DevelopmentTeam = Z99WWQFGP8;
						ProvisioningStyle = Automatic;
					};
					644DECC41E7C3B4600066D95 = {
						CreatedOnToolsVersion = 8.2.1;
						DevelopmentTeam = Z99WWQFGP8;
						ProvisioningStyle = Automatic;
						TestTargetID = 644DECAB1E7C3B4600066D95;
					};
					644DECCF1E7C3B4600066D95 = {
						CreatedOnToolsVersion = 8.2.1;
						DevelopmentTeam = Z99WWQFGP8;
						ProvisioningStyle = Automatic;
						TestTargetID = 644DECAB1E7C3B4600066D95;
					};
				};
			};
			buildConfigurationList = 644DECA71E7C3B4600066D95 /* Build configuration list for PBXProject "PolyGraph" */;
			compatibilityVersion = "Xcode 3.2";
			developmentRegion = English;
			hasScannedForEncodings = 0;
			knownRegions = (
				en,
				Base,
			);
			mainGroup = 644DECA31E7C3B4600066D95;
			productRefGroup = 644DECAD1E7C3B4600066D95 /* Products */;
			projectDirPath = "";
			projectRoot = "";
			targets = (
				644DECAB1E7C3B4600066D95 /* PolyGraph */,
				644DECC41E7C3B4600066D95 /* PolyGraphTests */,
				644DECCF1E7C3B4600066D95 /* PolyGraphUITests */,
			);
		};
/* End PBXProject section */

/* Begin PBXResourcesBuildPhase section */
		644DECAA1E7C3B4600066D95 /* Resources */ = {
			isa = PBXResourcesBuildPhase;
			buildActionMask = 2147483647;
			files = (
				64D0678C1E7C419B00BBE6BF /* Assets in Resources */,
				644DECBF1E7C3B4600066D95 /* LaunchScreen.storyboard in Resources */,
				6461877E1E7C3C3B00884734 /* InfoPlist.strings in Resources */,
				644DECBC1E7C3B4600066D95 /* Assets.xcassets in Resources */,
				644DECBA1E7C3B4600066D95 /* Main.storyboard in Resources */,
			);
			runOnlyForDeploymentPostprocessing = 0;
		};
		644DECC31E7C3B4600066D95 /* Resources */ = {
			isa = PBXResourcesBuildPhase;
			buildActionMask = 2147483647;
			files = (
			);
			runOnlyForDeploymentPostprocessing = 0;
		};
		644DECCE1E7C3B4600066D95 /* Resources */ = {
			isa = PBXResourcesBuildPhase;
			buildActionMask = 2147483647;
			files = (
			);
			runOnlyForDeploymentPostprocessing = 0;
		};
/* End PBXResourcesBuildPhase section */

/* Begin PBXSourcesBuildPhase section */
		644DECA81E7C3B4600066D95 /* Sources */ = {
			isa = PBXSourcesBuildPhase;
			buildActionMask = 2147483647;
			files = (
				6461877F1E7C3C3B00884734 /* MenuItem.m in Sources */,
				6461877B1E7C3C3B00884734 /* Graph.m in Sources */,
				646187811E7C3C3B00884734 /* Point2.m in Sources */,
				6461877C1E7C3C3B00884734 /* GraphEdge.m in Sources */,
				6461877A1E7C3C3B00884734 /* GradientView.m in Sources */,
				646187571E7C3C3100884734 /* Algorithm2.m in Sources */,
				646187821E7C3C3B00884734 /* ShinyGradientView.m in Sources */,
				646187791E7C3C3B00884734 /* BoxedIndex.m in Sources */,
				646187861E7C3C3B00884734 /* Utility.m in Sources */,
				646187871E7C3C3B00884734 /* Vector2.m in Sources */,
				646187831E7C3C3B00884734 /* StringPickerView.m in Sources */,
				644DECB41E7C3B4600066D95 /* AppDelegate.m in Sources */,
				6461877D1E7C3C3B00884734 /* GraphNode.m in Sources */,
				646187851E7C3C3B00884734 /* UIButton+Glass.m in Sources */,
				646187881E7C3C3B00884734 /* VisualizerView.m in Sources */,
				646187841E7C3C3B00884734 /* Tuple2.m in Sources */,
				646187801E7C3C3B00884734 /* MenuView.m in Sources */,
			);
			runOnlyForDeploymentPostprocessing = 0;
		};
		644DECC11E7C3B4600066D95 /* Sources */ = {
			isa = PBXSourcesBuildPhase;
			buildActionMask = 2147483647;
			files = (
				644DECCA1E7C3B4600066D95 /* PolyGraphTests.m in Sources */,
			);
			runOnlyForDeploymentPostprocessing = 0;
		};
		644DECCC1E7C3B4600066D95 /* Sources */ = {
			isa = PBXSourcesBuildPhase;
			buildActionMask = 2147483647;
			files = (
				644DECD51E7C3B4600066D95 /* PolyGraphUITests.m in Sources */,
			);
			runOnlyForDeploymentPostprocessing = 0;
		};
/* End PBXSourcesBuildPhase section */

/* Begin PBXTargetDependency section */
		644DECC71E7C3B4600066D95 /* PBXTargetDependency */ = {
			isa = PBXTargetDependency;
			target = 644DECAB1E7C3B4600066D95 /* PolyGraph */;
			targetProxy = 644DECC61E7C3B4600066D95 /* PBXContainerItemProxy */;
		};
		644DECD21E7C3B4600066D95 /* PBXTargetDependency */ = {
			isa = PBXTargetDependency;
			target = 644DECAB1E7C3B4600066D95 /* PolyGraph */;
			targetProxy = 644DECD11E7C3B4600066D95 /* PBXContainerItemProxy */;
		};
/* End PBXTargetDependency section */

/* Begin PBXVariantGroup section */
		644DECB81E7C3B4600066D95 /* Main.storyboard */ = {
			isa = PBXVariantGroup;
			children = (
				644DECB91E7C3B4600066D95 /* Base */,
			);
			name = Main.storyboard;
			sourceTree = "<group>";
		};
		644DECBD1E7C3B4600066D95 /* LaunchScreen.storyboard */ = {
			isa = PBXVariantGroup;
			children = (
				644DECBE1E7C3B4600066D95 /* Base */,
			);
			name = LaunchScreen.storyboard;
			sourceTree = "<group>";
		};
/* End PBXVariantGroup section */

/* Begin XCBuildConfiguration section */
		644DECD71E7C3B4600066D95 /* Debug */ = {
			isa = XCBuildConfiguration;
			buildSettings = {
				ALWAYS_SEARCH_USER_PATHS = NO;
				CLANG_ANALYZER_NONNULL = YES;
				CLANG_CXX_LANGUAGE_STANDARD = "gnu++0x";
				CLANG_CXX_LIBRARY = "libc++";
				CLANG_ENABLE_MODULES = YES;
				CLANG_ENABLE_OBJC_ARC = YES;
				CLANG_WARN_BOOL_CONVERSION = YES;
				CLANG_WARN_CONSTANT_CONVERSION = YES;
				CLANG_WARN_DIRECT_OBJC_ISA_USAGE = YES_ERROR;
				CLANG_WARN_DOCUMENTATION_COMMENTS = YES;
				CLANG_WARN_EMPTY_BODY = YES;
				CLANG_WARN_ENUM_CONVERSION = YES;
				CLANG_WARN_INFINITE_RECURSION = YES;
				CLANG_WARN_INT_CONVERSION = YES;
				CLANG_WARN_OBJC_ROOT_CLASS = YES_ERROR;
				CLANG_WARN_SUSPICIOUS_MOVE = YES;
				CLANG_WARN_UNREACHABLE_CODE = YES;
				CLANG_WARN__DUPLICATE_METHOD_MATCH = YES;
				"CODE_SIGN_IDENTITY[sdk=iphoneos*]" = "iPhone Developer";
				COPY_PHASE_STRIP = NO;
				DEBUG_INFORMATION_FORMAT = dwarf;
				ENABLE_STRICT_OBJC_MSGSEND = YES;
				ENABLE_TESTABILITY = YES;
				GCC_C_LANGUAGE_STANDARD = gnu99;
				GCC_DYNAMIC_NO_PIC = NO;
				GCC_NO_COMMON_BLOCKS = YES;
				GCC_OPTIMIZATION_LEVEL = 0;
				GCC_PRECOMPILE_PREFIX_HEADER = YES;
				GCC_PREFIX_HEADER = "PolyGraph/PolyGraph-Prefix.pch";
				GCC_PREPROCESSOR_DEFINITIONS = (
					"DEBUG=1",
					"$(inherited)",
				);
				GCC_WARN_64_TO_32_BIT_CONVERSION = YES;
				GCC_WARN_ABOUT_RETURN_TYPE = YES_ERROR;
				GCC_WARN_UNDECLARED_SELECTOR = YES;
				GCC_WARN_UNINITIALIZED_AUTOS = YES_AGGRESSIVE;
				GCC_WARN_UNUSED_FUNCTION = YES;
				GCC_WARN_UNUSED_VARIABLE = YES;
				IPHONEOS_DEPLOYMENT_TARGET = 10.2;
				MTL_ENABLE_DEBUG_INFO = YES;
				ONLY_ACTIVE_ARCH = YES;
				SDKROOT = iphoneos;
				TARGETED_DEVICE_FAMILY = "1,2";
			};
			name = Debug;
		};
		644DECD81E7C3B4600066D95 /* Release */ = {
			isa = XCBuildConfiguration;
			buildSettings = {
				ALWAYS_SEARCH_USER_PATHS = NO;
				CLANG_ANALYZER_NONNULL = YES;
				CLANG_CXX_LANGUAGE_STANDARD = "gnu++0x";
				CLANG_CXX_LIBRARY = "libc++";
				CLANG_ENABLE_MODULES = YES;
				CLANG_ENABLE_OBJC_ARC = YES;
				CLANG_WARN_BOOL_CONVERSION = YES;
				CLANG_WARN_CONSTANT_CONVERSION = YES;
				CLANG_WARN_DIRECT_OBJC_ISA_USAGE = YES_ERROR;
				CLANG_WARN_DOCUMENTATION_COMMENTS = YES;
				CLANG_WARN_EMPTY_BODY = YES;
				CLANG_WARN_ENUM_CONVERSION = YES;
				CLANG_WARN_INFINITE_RECURSION = YES;
				CLANG_WARN_INT_CONVERSION = YES;
				CLANG_WARN_OBJC_ROOT_CLASS = YES_ERROR;
				CLANG_WARN_SUSPICIOUS_MOVE = YES;
				CLANG_WARN_UNREACHABLE_CODE = YES;
				CLANG_WARN__DUPLICATE_METHOD_MATCH = YES;
				"CODE_SIGN_IDENTITY[sdk=iphoneos*]" = "iPhone Developer";
				COPY_PHASE_STRIP = NO;
				DEBUG_INFORMATION_FORMAT = "dwarf-with-dsym";
				ENABLE_NS_ASSERTIONS = NO;
				ENABLE_STRICT_OBJC_MSGSEND = YES;
				GCC_C_LANGUAGE_STANDARD = gnu99;
				GCC_NO_COMMON_BLOCKS = YES;
				GCC_PRECOMPILE_PREFIX_HEADER = YES;
				GCC_PREFIX_HEADER = "PolyGraph/PolyGraph-Prefix.pch";
				GCC_WARN_64_TO_32_BIT_CONVERSION = YES;
				GCC_WARN_ABOUT_RETURN_TYPE = YES_ERROR;
				GCC_WARN_UNDECLARED_SELECTOR = YES;
				GCC_WARN_UNINITIALIZED_AUTOS = YES_AGGRESSIVE;
				GCC_WARN_UNUSED_FUNCTION = YES;
				GCC_WARN_UNUSED_VARIABLE = YES;
				IPHONEOS_DEPLOYMENT_TARGET = 10.2;
				MTL_ENABLE_DEBUG_INFO = NO;
				SDKROOT = iphoneos;
				TARGETED_DEVICE_FAMILY = "1,2";
				VALIDATE_PRODUCT = YES;
			};
			name = Release;
		};
		644DECDA1E7C3B4600066D95 /* Debug */ = {
			isa = XCBuildConfiguration;
			buildSettings = {
				ASSETCATALOG_COMPILER_APPICON_NAME = AppIcon;
				DEVELOPMENT_TEAM = Z99WWQFGP8;
				INFOPLIST_FILE = PolyGraph/Info.plist;
				LD_RUNPATH_SEARCH_PATHS = "$(inherited) @executable_path/Frameworks";
				PRODUCT_BUNDLE_IDENTIFIER = com.brettonw.PolyGraph;
				PRODUCT_NAME = "$(TARGET_NAME)";
			};
			name = Debug;
		};
		644DECDB1E7C3B4600066D95 /* Release */ = {
			isa = XCBuildConfiguration;
			buildSettings = {
				ASSETCATALOG_COMPILER_APPICON_NAME = AppIcon;
				DEVELOPMENT_TEAM = Z99WWQFGP8;
				INFOPLIST_FILE = PolyGraph/Info.plist;
				LD_RUNPATH_SEARCH_PATHS = "$(inherited) @executable_path/Frameworks";
				PRODUCT_BUNDLE_IDENTIFIER = com.brettonw.PolyGraph;
				PRODUCT_NAME = "$(TARGET_NAME)";
			};
			name = Release;
		};
		644DECDD1E7C3B4600066D95 /* Debug */ = {
			isa = XCBuildConfiguration;
			buildSettings = {
				BUNDLE_LOADER = "$(TEST_HOST)";
				DEVELOPMENT_TEAM = Z99WWQFGP8;
				INFOPLIST_FILE = PolyGraphTests/Info.plist;
				LD_RUNPATH_SEARCH_PATHS = "$(inherited) @executable_path/Frameworks @loader_path/Frameworks";
				PRODUCT_BUNDLE_IDENTIFIER = com.brettonw.PolyGraphTests;
				PRODUCT_NAME = "$(TARGET_NAME)";
				TEST_HOST = "$(BUILT_PRODUCTS_DIR)/PolyGraph.app/PolyGraph";
			};
			name = Debug;
		};
		644DECDE1E7C3B4600066D95 /* Release */ = {
			isa = XCBuildConfiguration;
			buildSettings = {
				BUNDLE_LOADER = "$(TEST_HOST)";
				DEVELOPMENT_TEAM = Z99WWQFGP8;
				INFOPLIST_FILE = PolyGraphTests/Info.plist;
				LD_RUNPATH_SEARCH_PATHS = "$(inherited) @executable_path/Frameworks @loader_path/Frameworks";
				PRODUCT_BUNDLE_IDENTIFIER = com.brettonw.PolyGraphTests;
				PRODUCT_NAME = "$(TARGET_NAME)";
				TEST_HOST = "$(BUILT_PRODUCTS_DIR)/PolyGraph.app/PolyGraph";
			};
			name = Release;
		};
		644DECE01E7C3B4600066D95 /* Debug */ = {
			isa = XCBuildConfiguration;
			buildSettings = {
				DEVELOPMENT_TEAM = Z99WWQFGP8;
				INFOPLIST_FILE = PolyGraphUITests/Info.plist;
				LD_RUNPATH_SEARCH_PATHS = "$(inherited) @executable_path/Frameworks @loader_path/Frameworks";
				PRODUCT_BUNDLE_IDENTIFIER = com.brettonw.PolyGraphUITests;
				PRODUCT_NAME = "$(TARGET_NAME)";
				TEST_TARGET_NAME = PolyGraph;
			};
			name = Debug;
		};
		644DECE11E7C3B4600066D95 /* Release */ = {
			isa = XCBuildConfiguration;
			buildSettings = {
				DEVELOPMENT_TEAM = Z99WWQFGP8;
				INFOPLIST_FILE = PolyGraphUITests/Info.plist;
				LD_RUNPATH_SEARCH_PATHS = "$(inherited) @executable_path/Frameworks @loader_path/Frameworks";
				PRODUCT_BUNDLE_IDENTIFIER = com.brettonw.PolyGraphUITests;
				PRODUCT_NAME = "$(TARGET_NAME)";
				TEST_TARGET_NAME = PolyGraph;
			};
			name = Release;
		};
/* End XCBuildConfiguration section */

/* Begin XCConfigurationList section */
		644DECA71E7C3B4600066D95 /* Build configuration list for PBXProject "PolyGraph" */ = {
			isa = XCConfigurationList;
			buildConfigurations = (
				644DECD71E7C3B4600066D95 /* Debug */,
				644DECD81E7C3B4600066D95 /* Release */,
			);
			defaultConfigurationIsVisible = 0;
			defaultConfigurationName = Release;
		};
		644DECD91E7C3B4600066D95 /* Build configuration list for PBXNativeTarget "PolyGraph" */ = {
			isa = XCConfigurationList;
			buildConfigurations = (
				644DECDA1E7C3B4600066D95 /* Debug */,
				644DECDB1E7C3B4600066D95 /* Release */,
			);
			defaultConfigurationIsVisible = 0;
			defaultConfigurationName = Release;
		};
		644DECDC1E7C3B4600066D95 /* Build configuration list for PBXNativeTarget "PolyGraphTests" */ = {
			isa = XCConfigurationList;
			buildConfigurations = (
				644DECDD1E7C3B4600066D95 /* Debug */,
				644DECDE1E7C3B4600066D95 /* Release */,
			);
			defaultConfigurationIsVisible = 0;
			defaultConfigurationName = Release;
		};
		644DECDF1E7C3B4600066D95 /* Build configuration list for PBXNativeTarget "PolyGraphUITests" */ = {
			isa = XCConfigurationList;
			buildConfigurations = (
				644DECE01E7C3B4600066D95 /* Debug */,
				644DECE11E7C3B4600066D95 /* Release */,
			);
			defaultConfigurationIsVisible = 0;
			defaultConfigurationName = Release;
		};
/* End XCConfigurationList section */
	};
	rootObject = 644DECA41E7C3B4600066D95 /* Project object */;
}
