// !$*UTF8*$!
{
	archiveVersion = 1;
	classes = {
	};
	objectVersion = 46;
	objects = {

/* Begin PBXBuildFile section */
		6460E1B21E7C7E4B007D2B67 /* AppDelegate.swift in Sources */ = {isa = PBXBuildFile; fileRef = 6460E1B11E7C7E4B007D2B67 /* AppDelegate.swift */; };
		6460E1B41E7C7E4B007D2B67 /* ViewController.swift in Sources */ = {isa = PBXBuildFile; fileRef = 6460E1B31E7C7E4B007D2B67 /* ViewController.swift */; };
		6460E1B71E7C7E4B007D2B67 /* Main.storyboard in Resources */ = {isa = PBXBuildFile; fileRef = 6460E1B51E7C7E4B007D2B67 /* Main.storyboard */; };
		6460E1B91E7C7E4B007D2B67 /* Assets.xcassets in Resources */ = {isa = PBXBuildFile; fileRef = 6460E1B81E7C7E4B007D2B67 /* Assets.xcassets */; };
		6460E1BC1E7C7E4B007D2B67 /* LaunchScreen.storyboard in Resources */ = {isa = PBXBuildFile; fileRef = 6460E1BA1E7C7E4B007D2B67 /* LaunchScreen.storyboard */; };
		6460E1C71E7C7E4B007D2B67 /* PolyGraphTests.swift in Sources */ = {isa = PBXBuildFile; fileRef = 6460E1C61E7C7E4B007D2B67 /* PolyGraphTests.swift */; };
		6460E1D21E7C7E4B007D2B67 /* PolyGraphUITests.swift in Sources */ = {isa = PBXBuildFile; fileRef = 6460E1D11E7C7E4B007D2B67 /* PolyGraphUITests.swift */; };
/* End PBXBuildFile section */

/* Begin PBXContainerItemProxy section */
		6460E1C31E7C7E4B007D2B67 /* PBXContainerItemProxy */ = {
			isa = PBXContainerItemProxy;
			containerPortal = 6460E1A61E7C7E4A007D2B67 /* Project object */;
			proxyType = 1;
			remoteGlobalIDString = 6460E1AD1E7C7E4A007D2B67;
			remoteInfo = PolyGraph;
		};
		6460E1CE1E7C7E4B007D2B67 /* PBXContainerItemProxy */ = {
			isa = PBXContainerItemProxy;
			containerPortal = 6460E1A61E7C7E4A007D2B67 /* Project object */;
			proxyType = 1;
			remoteGlobalIDString = 6460E1AD1E7C7E4A007D2B67;
			remoteInfo = PolyGraph;
		};
/* End PBXContainerItemProxy section */

/* Begin PBXFileReference section */
		6460E1AE1E7C7E4B007D2B67 /* PolyGraph.app */ = {isa = PBXFileReference; explicitFileType = wrapper.application; includeInIndex = 0; path = PolyGraph.app; sourceTree = BUILT_PRODUCTS_DIR; };
		6460E1B11E7C7E4B007D2B67 /* AppDelegate.swift */ = {isa = PBXFileReference; lastKnownFileType = sourcecode.swift; path = AppDelegate.swift; sourceTree = "<group>"; };
		6460E1B31E7C7E4B007D2B67 /* ViewController.swift */ = {isa = PBXFileReference; lastKnownFileType = sourcecode.swift; path = ViewController.swift; sourceTree = "<group>"; };
		6460E1B61E7C7E4B007D2B67 /* Base */ = {isa = PBXFileReference; lastKnownFileType = file.storyboard; name = Base; path = Base.lproj/Main.storyboard; sourceTree = "<group>"; };
		6460E1B81E7C7E4B007D2B67 /* Assets.xcassets */ = {isa = PBXFileReference; lastKnownFileType = folder.assetcatalog; path = Assets.xcassets; sourceTree = "<group>"; };
		6460E1BB1E7C7E4B007D2B67 /* Base */ = {isa = PBXFileReference; lastKnownFileType = file.storyboard; name = Base; path = Base.lproj/LaunchScreen.storyboard; sourceTree = "<group>"; };
		6460E1BD1E7C7E4B007D2B67 /* Info.plist */ = {isa = PBXFileReference; lastKnownFileType = text.plist.xml; path = Info.plist; sourceTree = "<group>"; };
		6460E1C21E7C7E4B007D2B67 /* PolyGraphTests.xctest */ = {isa = PBXFileReference; explicitFileType = wrapper.cfbundle; includeInIndex = 0; path = PolyGraphTests.xctest; sourceTree = BUILT_PRODUCTS_DIR; };
		6460E1C61E7C7E4B007D2B67 /* PolyGraphTests.swift */ = {isa = PBXFileReference; lastKnownFileType = sourcecode.swift; path = PolyGraphTests.swift; sourceTree = "<group>"; };
		6460E1C81E7C7E4B007D2B67 /* Info.plist */ = {isa = PBXFileReference; lastKnownFileType = text.plist.xml; path = Info.plist; sourceTree = "<group>"; };
		6460E1CD1E7C7E4B007D2B67 /* PolyGraphUITests.xctest */ = {isa = PBXFileReference; explicitFileType = wrapper.cfbundle; includeInIndex = 0; path = PolyGraphUITests.xctest; sourceTree = BUILT_PRODUCTS_DIR; };
		6460E1D11E7C7E4B007D2B67 /* PolyGraphUITests.swift */ = {isa = PBXFileReference; lastKnownFileType = sourcecode.swift; path = PolyGraphUITests.swift; sourceTree = "<group>"; };
		6460E1D31E7C7E4B007D2B67 /* Info.plist */ = {isa = PBXFileReference; lastKnownFileType = text.plist.xml; path = Info.plist; sourceTree = "<group>"; };
/* End PBXFileReference section */

/* Begin PBXFrameworksBuildPhase section */
		6460E1AB1E7C7E4A007D2B67 /* Frameworks */ = {
			isa = PBXFrameworksBuildPhase;
			buildActionMask = 2147483647;
			files = (
			);
			runOnlyForDeploymentPostprocessing = 0;
		};
		6460E1BF1E7C7E4B007D2B67 /* Frameworks */ = {
			isa = PBXFrameworksBuildPhase;
			buildActionMask = 2147483647;
			files = (
			);
			runOnlyForDeploymentPostprocessing = 0;
		};
		6460E1CA1E7C7E4B007D2B67 /* Frameworks */ = {
			isa = PBXFrameworksBuildPhase;
			buildActionMask = 2147483647;
			files = (
			);
			runOnlyForDeploymentPostprocessing = 0;
		};
/* End PBXFrameworksBuildPhase section */

/* Begin PBXGroup section */
		6460E1A51E7C7E4A007D2B67 = {
			isa = PBXGroup;
			children = (
				6460E1B01E7C7E4B007D2B67 /* PolyGraph */,
				6460E1C51E7C7E4B007D2B67 /* PolyGraphTests */,
				6460E1D01E7C7E4B007D2B67 /* PolyGraphUITests */,
				6460E1AF1E7C7E4B007D2B67 /* Products */,
			);
			sourceTree = "<group>";
		};
		6460E1AF1E7C7E4B007D2B67 /* Products */ = {
			isa = PBXGroup;
			children = (
				6460E1AE1E7C7E4B007D2B67 /* PolyGraph.app */,
				6460E1C21E7C7E4B007D2B67 /* PolyGraphTests.xctest */,
				6460E1CD1E7C7E4B007D2B67 /* PolyGraphUITests.xctest */,
			);
			name = Products;
			sourceTree = "<group>";
		};
		6460E1B01E7C7E4B007D2B67 /* PolyGraph */ = {
			isa = PBXGroup;
			children = (
				6460E1B11E7C7E4B007D2B67 /* AppDelegate.swift */,
				6460E1B31E7C7E4B007D2B67 /* ViewController.swift */,
				6460E1B51E7C7E4B007D2B67 /* Main.storyboard */,
				6460E1B81E7C7E4B007D2B67 /* Assets.xcassets */,
				6460E1BA1E7C7E4B007D2B67 /* LaunchScreen.storyboard */,
				6460E1BD1E7C7E4B007D2B67 /* Info.plist */,
			);
			path = PolyGraph;
			sourceTree = "<group>";
		};
		6460E1C51E7C7E4B007D2B67 /* PolyGraphTests */ = {
			isa = PBXGroup;
			children = (
				6460E1C61E7C7E4B007D2B67 /* PolyGraphTests.swift */,
				6460E1C81E7C7E4B007D2B67 /* Info.plist */,
			);
			path = PolyGraphTests;
			sourceTree = "<group>";
		};
		6460E1D01E7C7E4B007D2B67 /* PolyGraphUITests */ = {
			isa = PBXGroup;
			children = (
				6460E1D11E7C7E4B007D2B67 /* PolyGraphUITests.swift */,
				6460E1D31E7C7E4B007D2B67 /* Info.plist */,
			);
			path = PolyGraphUITests;
			sourceTree = "<group>";
		};
/* End PBXGroup section */

/* Begin PBXNativeTarget section */
		6460E1AD1E7C7E4A007D2B67 /* PolyGraph */ = {
			isa = PBXNativeTarget;
			buildConfigurationList = 6460E1D61E7C7E4B007D2B67 /* Build configuration list for PBXNativeTarget "PolyGraph" */;
			buildPhases = (
				6460E1AA1E7C7E4A007D2B67 /* Sources */,
				6460E1AB1E7C7E4A007D2B67 /* Frameworks */,
				6460E1AC1E7C7E4A007D2B67 /* Resources */,
			);
			buildRules = (
			);
			dependencies = (
			);
			name = PolyGraph;
			productName = PolyGraph;
			productReference = 6460E1AE1E7C7E4B007D2B67 /* PolyGraph.app */;
			productType = "com.apple.product-type.application";
		};
		6460E1C11E7C7E4B007D2B67 /* PolyGraphTests */ = {
			isa = PBXNativeTarget;
			buildConfigurationList = 6460E1D91E7C7E4B007D2B67 /* Build configuration list for PBXNativeTarget "PolyGraphTests" */;
			buildPhases = (
				6460E1BE1E7C7E4B007D2B67 /* Sources */,
				6460E1BF1E7C7E4B007D2B67 /* Frameworks */,
				6460E1C01E7C7E4B007D2B67 /* Resources */,
			);
			buildRules = (
			);
			dependencies = (
				6460E1C41E7C7E4B007D2B67 /* PBXTargetDependency */,
			);
			name = PolyGraphTests;
			productName = PolyGraphTests;
			productReference = 6460E1C21E7C7E4B007D2B67 /* PolyGraphTests.xctest */;
			productType = "com.apple.product-type.bundle.unit-test";
		};
		6460E1CC1E7C7E4B007D2B67 /* PolyGraphUITests */ = {
			isa = PBXNativeTarget;
			buildConfigurationList = 6460E1DC1E7C7E4B007D2B67 /* Build configuration list for PBXNativeTarget "PolyGraphUITests" */;
			buildPhases = (
				6460E1C91E7C7E4B007D2B67 /* Sources */,
				6460E1CA1E7C7E4B007D2B67 /* Frameworks */,
				6460E1CB1E7C7E4B007D2B67 /* Resources */,
			);
			buildRules = (
			);
			dependencies = (
				6460E1CF1E7C7E4B007D2B67 /* PBXTargetDependency */,
			);
			name = PolyGraphUITests;
			productName = PolyGraphUITests;
			productReference = 6460E1CD1E7C7E4B007D2B67 /* PolyGraphUITests.xctest */;
			productType = "com.apple.product-type.bundle.ui-testing";
		};
/* End PBXNativeTarget section */

/* Begin PBXProject section */
		6460E1A61E7C7E4A007D2B67 /* Project object */ = {
			isa = PBXProject;
			attributes = {
				LastSwiftUpdateCheck = 0820;
				LastUpgradeCheck = 0820;
				ORGANIZATIONNAME = "Bretton Wade";
				TargetAttributes = {
					6460E1AD1E7C7E4A007D2B67 = {
						CreatedOnToolsVersion = 8.2.1;
						DevelopmentTeam = Z99WWQFGP8;
						ProvisioningStyle = Automatic;
					};
					6460E1C11E7C7E4B007D2B67 = {
						CreatedOnToolsVersion = 8.2.1;
						DevelopmentTeam = Z99WWQFGP8;
						ProvisioningStyle = Automatic;
						TestTargetID = 6460E1AD1E7C7E4A007D2B67;
					};
					6460E1CC1E7C7E4B007D2B67 = {
						CreatedOnToolsVersion = 8.2.1;
						DevelopmentTeam = Z99WWQFGP8;
						ProvisioningStyle = Automatic;
						TestTargetID = 6460E1AD1E7C7E4A007D2B67;
					};
				};
			};
			buildConfigurationList = 6460E1A91E7C7E4A007D2B67 /* Build configuration list for PBXProject "PolyGraph" */;
			compatibilityVersion = "Xcode 3.2";
			developmentRegion = English;
			hasScannedForEncodings = 0;
			knownRegions = (
				en,
				Base,
			);
			mainGroup = 6460E1A51E7C7E4A007D2B67;
			productRefGroup = 6460E1AF1E7C7E4B007D2B67 /* Products */;
			projectDirPath = "";
			projectRoot = "";
			targets = (
				6460E1AD1E7C7E4A007D2B67 /* PolyGraph */,
				6460E1C11E7C7E4B007D2B67 /* PolyGraphTests */,
				6460E1CC1E7C7E4B007D2B67 /* PolyGraphUITests */,
			);
		};
/* End PBXProject section */

/* Begin PBXResourcesBuildPhase section */
		6460E1AC1E7C7E4A007D2B67 /* Resources */ = {
			isa = PBXResourcesBuildPhase;
			buildActionMask = 2147483647;
			files = (
				6460E1BC1E7C7E4B007D2B67 /* LaunchScreen.storyboard in Resources */,
				6460E1B91E7C7E4B007D2B67 /* Assets.xcassets in Resources */,
				6460E1B71E7C7E4B007D2B67 /* Main.storyboard in Resources */,
			);
			runOnlyForDeploymentPostprocessing = 0;
		};
		6460E1C01E7C7E4B007D2B67 /* Resources */ = {
			isa = PBXResourcesBuildPhase;
			buildActionMask = 2147483647;
			files = (
			);
			runOnlyForDeploymentPostprocessing = 0;
		};
		6460E1CB1E7C7E4B007D2B67 /* Resources */ = {
			isa = PBXResourcesBuildPhase;
			buildActionMask = 2147483647;
			files = (
			);
			runOnlyForDeploymentPostprocessing = 0;
		};
/* End PBXResourcesBuildPhase section */

/* Begin PBXSourcesBuildPhase section */
		6460E1AA1E7C7E4A007D2B67 /* Sources */ = {
			isa = PBXSourcesBuildPhase;
			buildActionMask = 2147483647;
			files = (
				6460E1B41E7C7E4B007D2B67 /* ViewController.swift in Sources */,
				6460E1B21E7C7E4B007D2B67 /* AppDelegate.swift in Sources */,
			);
			runOnlyForDeploymentPostprocessing = 0;
		};
		6460E1BE1E7C7E4B007D2B67 /* Sources */ = {
			isa = PBXSourcesBuildPhase;
			buildActionMask = 2147483647;
			files = (
				6460E1C71E7C7E4B007D2B67 /* PolyGraphTests.swift in Sources */,
			);
			runOnlyForDeploymentPostprocessing = 0;
		};
		6460E1C91E7C7E4B007D2B67 /* Sources */ = {
			isa = PBXSourcesBuildPhase;
			buildActionMask = 2147483647;
			files = (
				6460E1D21E7C7E4B007D2B67 /* PolyGraphUITests.swift in Sources */,
			);
			runOnlyForDeploymentPostprocessing = 0;
		};
/* End PBXSourcesBuildPhase section */

/* Begin PBXTargetDependency section */
		6460E1C41E7C7E4B007D2B67 /* PBXTargetDependency */ = {
			isa = PBXTargetDependency;
			target = 6460E1AD1E7C7E4A007D2B67 /* PolyGraph */;
			targetProxy = 6460E1C31E7C7E4B007D2B67 /* PBXContainerItemProxy */;
		};
		6460E1CF1E7C7E4B007D2B67 /* PBXTargetDependency */ = {
			isa = PBXTargetDependency;
			target = 6460E1AD1E7C7E4A007D2B67 /* PolyGraph */;
			targetProxy = 6460E1CE1E7C7E4B007D2B67 /* PBXContainerItemProxy */;
		};
/* End PBXTargetDependency section */

/* Begin PBXVariantGroup section */
		6460E1B51E7C7E4B007D2B67 /* Main.storyboard */ = {
			isa = PBXVariantGroup;
			children = (
				6460E1B61E7C7E4B007D2B67 /* Base */,
			);
			name = Main.storyboard;
			sourceTree = "<group>";
		};
		6460E1BA1E7C7E4B007D2B67 /* LaunchScreen.storyboard */ = {
			isa = PBXVariantGroup;
			children = (
				6460E1BB1E7C7E4B007D2B67 /* Base */,
			);
			name = LaunchScreen.storyboard;
			sourceTree = "<group>";
		};
/* End PBXVariantGroup section */

/* Begin XCBuildConfiguration section */
		6460E1D41E7C7E4B007D2B67 /* Debug */ = {
			isa = XCBuildConfiguration;
			buildSettings = {
				ALWAYS_SEARCH_USER_PATHS = NO;
				CLANG_ANALYZER_NONNULL = YES;
				CLANG_CXX_LANGUAGE_STANDARD = "gnu++0x";
				CLANG_CXX_LIBRARY = "libc++";
				CLANG_ENABLE_MODULES = YES;
				CLANG_ENABLE_OBJC_ARC = YES;
				CLANG_WARN_BOOL_CONVERSION = YES;
				CLANG_WARN_CONSTANT_CONVERSION = YES;
				CLANG_WARN_DIRECT_OBJC_ISA_USAGE = YES_ERROR;
				CLANG_WARN_DOCUMENTATION_COMMENTS = YES;
				CLANG_WARN_EMPTY_BODY = YES;
				CLANG_WARN_ENUM_CONVERSION = YES;
				CLANG_WARN_INFINITE_RECURSION = YES;
				CLANG_WARN_INT_CONVERSION = YES;
				CLANG_WARN_OBJC_ROOT_CLASS = YES_ERROR;
				CLANG_WARN_SUSPICIOUS_MOVE = YES;
				CLANG_WARN_UNREACHABLE_CODE = YES;
				CLANG_WARN__DUPLICATE_METHOD_MATCH = YES;
				"CODE_SIGN_IDENTITY[sdk=iphoneos*]" = "iPhone Developer";
				COPY_PHASE_STRIP = NO;
				DEBUG_INFORMATION_FORMAT = dwarf;
				ENABLE_STRICT_OBJC_MSGSEND = YES;
				ENABLE_TESTABILITY = YES;
				GCC_C_LANGUAGE_STANDARD = gnu99;
				GCC_DYNAMIC_NO_PIC = NO;
				GCC_NO_COMMON_BLOCKS = YES;
				GCC_OPTIMIZATION_LEVEL = 0;
				GCC_PREPROCESSOR_DEFINITIONS = (
					"DEBUG=1",
					"$(inherited)",
				);
				GCC_WARN_64_TO_32_BIT_CONVERSION = YES;
				GCC_WARN_ABOUT_RETURN_TYPE = YES_ERROR;
				GCC_WARN_UNDECLARED_SELECTOR = YES;
				GCC_WARN_UNINITIALIZED_AUTOS = YES_AGGRESSIVE;
				GCC_WARN_UNUSED_FUNCTION = YES;
				GCC_WARN_UNUSED_VARIABLE = YES;
				IPHONEOS_DEPLOYMENT_TARGET = 10.2;
				MTL_ENABLE_DEBUG_INFO = YES;
				ONLY_ACTIVE_ARCH = YES;
				SDKROOT = iphoneos;
				SWIFT_ACTIVE_COMPILATION_CONDITIONS = DEBUG;
				SWIFT_OPTIMIZATION_LEVEL = "-Onone";
				TARGETED_DEVICE_FAMILY = "1,2";
			};
			name = Debug;
		};
		6460E1D51E7C7E4B007D2B67 /* Release */ = {
			isa = XCBuildConfiguration;
			buildSettings = {
				ALWAYS_SEARCH_USER_PATHS = NO;
				CLANG_ANALYZER_NONNULL = YES;
				CLANG_CXX_LANGUAGE_STANDARD = "gnu++0x";
				CLANG_CXX_LIBRARY = "libc++";
				CLANG_ENABLE_MODULES = YES;
				CLANG_ENABLE_OBJC_ARC = YES;
				CLANG_WARN_BOOL_CONVERSION = YES;
				CLANG_WARN_CONSTANT_CONVERSION = YES;
				CLANG_WARN_DIRECT_OBJC_ISA_USAGE = YES_ERROR;
				CLANG_WARN_DOCUMENTATION_COMMENTS = YES;
				CLANG_WARN_EMPTY_BODY = YES;
				CLANG_WARN_ENUM_CONVERSION = YES;
				CLANG_WARN_INFINITE_RECURSION = YES;
				CLANG_WARN_INT_CONVERSION = YES;
				CLANG_WARN_OBJC_ROOT_CLASS = YES_ERROR;
				CLANG_WARN_SUSPICIOUS_MOVE = YES;
				CLANG_WARN_UNREACHABLE_CODE = YES;
				CLANG_WARN__DUPLICATE_METHOD_MATCH = YES;
				"CODE_SIGN_IDENTITY[sdk=iphoneos*]" = "iPhone Developer";
				COPY_PHASE_STRIP = NO;
				DEBUG_INFORMATION_FORMAT = "dwarf-with-dsym";
				ENABLE_NS_ASSERTIONS = NO;
				ENABLE_STRICT_OBJC_MSGSEND = YES;
				GCC_C_LANGUAGE_STANDARD = gnu99;
				GCC_NO_COMMON_BLOCKS = YES;
				GCC_WARN_64_TO_32_BIT_CONVERSION = YES;
				GCC_WARN_ABOUT_RETURN_TYPE = YES_ERROR;
				GCC_WARN_UNDECLARED_SELECTOR = YES;
				GCC_WARN_UNINITIALIZED_AUTOS = YES_AGGRESSIVE;
				GCC_WARN_UNUSED_FUNCTION = YES;
				GCC_WARN_UNUSED_VARIABLE = YES;
				IPHONEOS_DEPLOYMENT_TARGET = 10.2;
				MTL_ENABLE_DEBUG_INFO = NO;
				SDKROOT = iphoneos;
				SWIFT_OPTIMIZATION_LEVEL = "-Owholemodule";
				TARGETED_DEVICE_FAMILY = "1,2";
				VALIDATE_PRODUCT = YES;
			};
			name = Release;
		};
		6460E1D71E7C7E4B007D2B67 /* Debug */ = {
			isa = XCBuildConfiguration;
			buildSettings = {
				ASSETCATALOG_COMPILER_APPICON_NAME = AppIcon;
				DEVELOPMENT_TEAM = Z99WWQFGP8;
				INFOPLIST_FILE = PolyGraph/Info.plist;
				LD_RUNPATH_SEARCH_PATHS = "$(inherited) @executable_path/Frameworks";
				PRODUCT_BUNDLE_IDENTIFIER = com.brettonw.PolyGraph;
				PRODUCT_NAME = "$(TARGET_NAME)";
				SWIFT_VERSION = 3.0;
			};
			name = Debug;
		};
		6460E1D81E7C7E4B007D2B67 /* Release */ = {
			isa = XCBuildConfiguration;
			buildSettings = {
				ASSETCATALOG_COMPILER_APPICON_NAME = AppIcon;
				DEVELOPMENT_TEAM = Z99WWQFGP8;
				INFOPLIST_FILE = PolyGraph/Info.plist;
				LD_RUNPATH_SEARCH_PATHS = "$(inherited) @executable_path/Frameworks";
				PRODUCT_BUNDLE_IDENTIFIER = com.brettonw.PolyGraph;
				PRODUCT_NAME = "$(TARGET_NAME)";
				SWIFT_VERSION = 3.0;
			};
			name = Release;
		};
		6460E1DA1E7C7E4B007D2B67 /* Debug */ = {
			isa = XCBuildConfiguration;
			buildSettings = {
				ALWAYS_EMBED_SWIFT_STANDARD_LIBRARIES = YES;
				BUNDLE_LOADER = "$(TEST_HOST)";
				DEVELOPMENT_TEAM = Z99WWQFGP8;
				INFOPLIST_FILE = PolyGraphTests/Info.plist;
				LD_RUNPATH_SEARCH_PATHS = "$(inherited) @executable_path/Frameworks @loader_path/Frameworks";
				PRODUCT_BUNDLE_IDENTIFIER = com.brettonw.PolyGraphTests;
				PRODUCT_NAME = "$(TARGET_NAME)";
				SWIFT_VERSION = 3.0;
				TEST_HOST = "$(BUILT_PRODUCTS_DIR)/PolyGraph.app/PolyGraph";
			};
			name = Debug;
		};
		6460E1DB1E7C7E4B007D2B67 /* Release */ = {
			isa = XCBuildConfiguration;
			buildSettings = {
				ALWAYS_EMBED_SWIFT_STANDARD_LIBRARIES = YES;
				BUNDLE_LOADER = "$(TEST_HOST)";
				DEVELOPMENT_TEAM = Z99WWQFGP8;
				INFOPLIST_FILE = PolyGraphTests/Info.plist;
				LD_RUNPATH_SEARCH_PATHS = "$(inherited) @executable_path/Frameworks @loader_path/Frameworks";
				PRODUCT_BUNDLE_IDENTIFIER = com.brettonw.PolyGraphTests;
				PRODUCT_NAME = "$(TARGET_NAME)";
				SWIFT_VERSION = 3.0;
				TEST_HOST = "$(BUILT_PRODUCTS_DIR)/PolyGraph.app/PolyGraph";
			};
			name = Release;
		};
		6460E1DD1E7C7E4B007D2B67 /* Debug */ = {
			isa = XCBuildConfiguration;
			buildSettings = {
				ALWAYS_EMBED_SWIFT_STANDARD_LIBRARIES = YES;
				DEVELOPMENT_TEAM = Z99WWQFGP8;
				INFOPLIST_FILE = PolyGraphUITests/Info.plist;
				LD_RUNPATH_SEARCH_PATHS = "$(inherited) @executable_path/Frameworks @loader_path/Frameworks";
				PRODUCT_BUNDLE_IDENTIFIER = com.brettonw.PolyGraphUITests;
				PRODUCT_NAME = "$(TARGET_NAME)";
				SWIFT_VERSION = 3.0;
				TEST_TARGET_NAME = PolyGraph;
			};
			name = Debug;
		};
		6460E1DE1E7C7E4B007D2B67 /* Release */ = {
			isa = XCBuildConfiguration;
			buildSettings = {
				ALWAYS_EMBED_SWIFT_STANDARD_LIBRARIES = YES;
				DEVELOPMENT_TEAM = Z99WWQFGP8;
				INFOPLIST_FILE = PolyGraphUITests/Info.plist;
				LD_RUNPATH_SEARCH_PATHS = "$(inherited) @executable_path/Frameworks @loader_path/Frameworks";
				PRODUCT_BUNDLE_IDENTIFIER = com.brettonw.PolyGraphUITests;
				PRODUCT_NAME = "$(TARGET_NAME)";
				SWIFT_VERSION = 3.0;
				TEST_TARGET_NAME = PolyGraph;
			};
			name = Release;
		};
/* End XCBuildConfiguration section */

/* Begin XCConfigurationList section */
		6460E1A91E7C7E4A007D2B67 /* Build configuration list for PBXProject "PolyGraph" */ = {
			isa = XCConfigurationList;
			buildConfigurations = (
				6460E1D41E7C7E4B007D2B67 /* Debug */,
				6460E1D51E7C7E4B007D2B67 /* Release */,
			);
			defaultConfigurationIsVisible = 0;
			defaultConfigurationName = Release;
		};
		6460E1D61E7C7E4B007D2B67 /* Build configuration list for PBXNativeTarget "PolyGraph" */ = {
			isa = XCConfigurationList;
			buildConfigurations = (
				6460E1D71E7C7E4B007D2B67 /* Debug */,
				6460E1D81E7C7E4B007D2B67 /* Release */,
			);
			defaultConfigurationIsVisible = 0;
		};
		6460E1D91E7C7E4B007D2B67 /* Build configuration list for PBXNativeTarget "PolyGraphTests" */ = {
			isa = XCConfigurationList;
			buildConfigurations = (
				6460E1DA1E7C7E4B007D2B67 /* Debug */,
				6460E1DB1E7C7E4B007D2B67 /* Release */,
			);
			defaultConfigurationIsVisible = 0;
		};
		6460E1DC1E7C7E4B007D2B67 /* Build configuration list for PBXNativeTarget "PolyGraphUITests" */ = {
			isa = XCConfigurationList;
			buildConfigurations = (
				6460E1DD1E7C7E4B007D2B67 /* Debug */,
				6460E1DE1E7C7E4B007D2B67 /* Release */,
			);
			defaultConfigurationIsVisible = 0;
		};
/* End XCConfigurationList section */
	};
	rootObject = 6460E1A61E7C7E4A007D2B67 /* Project object */;
}
